
Microsoft Visual Studio Solution File, Format Version 12.00
# Visual Studio 14
VisualStudioVersion = 14.0.25123.0
MinimumVisualStudioVersion = 10.0.40219.1
Project("{8BC9CEB8-8B4A-11D0-8D11-00A0C91BC942}") = "Arduino", "Arduino\Arduino.vcxproj", "{8BF0F93F-8329-4FAF-82C1-DCE61CD9E71C}"
EndProject
Project("{8BC9CEB8-8B4A-11D0-8D11-00A0C91BC942}") = "Raspberry", "Raspberry\Raspberry.vcxproj", "{6B687ACA-8268-42E7-AB1D-01F5EE14B8AA}"
EndProject
Global
	GlobalSection(SolutionConfigurationPlatforms) = preSolution
		Debug|ARM = Debug|ARM
		Debug|x64 = Debug|x64
		Debug|x86 = Debug|x86
		Release|ARM = Release|ARM
		Release|x64 = Release|x64
		Release|x86 = Release|x86
	EndGlobalSection
	GlobalSection(ProjectConfigurationPlatforms) = postSolution
		{8BF0F93F-8329-4FAF-82C1-DCE61CD9E71C}.Debug|ARM.ActiveCfg = Debug|Win32
		{8BF0F93F-8329-4FAF-82C1-DCE61CD9E71C}.Debug|x64.ActiveCfg = Debug|x64
		{8BF0F93F-8329-4FAF-82C1-DCE61CD9E71C}.Debug|x64.Build.0 = Debug|x64
		{8BF0F93F-8329-4FAF-82C1-DCE61CD9E71C}.Debug|x86.ActiveCfg = Debug|Win32
		{8BF0F93F-8329-4FAF-82C1-DCE61CD9E71C}.Debug|x86.Build.0 = Debug|Win32
		{8BF0F93F-8329-4FAF-82C1-DCE61CD9E71C}.Release|ARM.ActiveCfg = Release|Win32
		{8BF0F93F-8329-4FAF-82C1-DCE61CD9E71C}.Release|x64.ActiveCfg = Release|x64
		{8BF0F93F-8329-4FAF-82C1-DCE61CD9E71C}.Release|x64.Build.0 = Release|x64
		{8BF0F93F-8329-4FAF-82C1-DCE61CD9E71C}.Release|x86.ActiveCfg = Release|Win32
		{8BF0F93F-8329-4FAF-82C1-DCE61CD9E71C}.Release|x86.Build.0 = Release|Win32
		{6B687ACA-8268-42E7-AB1D-01F5EE14B8AA}.Debug|ARM.ActiveCfg = Debug|ARM
		{6B687ACA-8268-42E7-AB1D-01F5EE14B8AA}.Debug|ARM.Build.0 = Debug|ARM
		{6B687ACA-8268-42E7-AB1D-01F5EE14B8AA}.Debug|x64.ActiveCfg = Debug|ARM
		{6B687ACA-8268-42E7-AB1D-01F5EE14B8AA}.Debug|x86.ActiveCfg = Debug|ARM
		{6B687ACA-8268-42E7-AB1D-01F5EE14B8AA}.Release|ARM.ActiveCfg = Release|ARM
		{6B687ACA-8268-42E7-AB1D-01F5EE14B8AA}.Release|ARM.Build.0 = Release|ARM
		{6B687ACA-8268-42E7-AB1D-01F5EE14B8AA}.Release|x64.ActiveCfg = Release|ARM
		{6B687ACA-8268-42E7-AB1D-01F5EE14B8AA}.Release|x86.ActiveCfg = Release|ARM
	EndGlobalSection
	GlobalSection(SolutionProperties) = preSolution
		HideSolutionNode = FALSE
	EndGlobalSection
EndGlobal
